
Microsoft Visual Studio Solution File, Format Version 12.00
# Visual Studio Version 16
VisualStudioVersion = 16.0.30413.136
MinimumVisualStudioVersion = 10.0.40219.1
Project("{9A19103F-16F7-4668-BE54-9A1E7A4F7556}") = "WebAPITemplate", "WebAPITemplate\WebAPITemplate.csproj", "{5AA6D488-51F3-4EA4-A633-B55FF6C1E33B}"
EndProject
Project("{9A19103F-16F7-4668-BE54-9A1E7A4F7556}") = "WebAPIScratch", "WebAPIScratch\WebAPIScratch.csproj", "{AFC14756-DC81-4996-B86A-B48CF4572BDE}"
EndProject
Project("{9A19103F-16F7-4668-BE54-9A1E7A4F7556}") = "WebAPICRUD", "WebAPICRUD\WebAPICRUD.csproj", "{C0FE5CF2-7C48-4BF6-AD70-E844321DE596}"
EndProject
Project("{9A19103F-16F7-4668-BE54-9A1E7A4F7556}") = "WebAPIActionResult", "WebAPIActionResult\WebAPIActionResult.csproj", "{66CA8B9C-5E67-4B32-9721-A23E65E7CFE2}"
EndProject
Project("{9A19103F-16F7-4668-BE54-9A1E7A4F7556}") = "WebAPIJavaScript", "WebAPIJavaScript\WebAPIJavaScript.csproj", "{4F3FA52F-ACF4-4865-8E27-2FB1CB315965}"
EndProject
Project("{9A19103F-16F7-4668-BE54-9A1E7A4F7556}") = "WebAPIEntityFW", "WebAPIEntityFW\WebAPIEntityFW.csproj", "{84E16230-2436-4277-88FB-F3651A352319}"
EndProject
Project("{FAE04EC0-301F-11D3-BF4B-00C04F79EFBC}") = "WebAPIIdentity", "WebAPIIdentity\WebAPIIdentity.csproj", "{2A664521-205F-4F77-BBD1-74BA6B97FBE6}"
EndProject
Global
	GlobalSection(SolutionConfigurationPlatforms) = preSolution
		Debug|Any CPU = Debug|Any CPU
		Release|Any CPU = Release|Any CPU
	EndGlobalSection
	GlobalSection(ProjectConfigurationPlatforms) = postSolution
		{5AA6D488-51F3-4EA4-A633-B55FF6C1E33B}.Debug|Any CPU.ActiveCfg = Debug|Any CPU
		{5AA6D488-51F3-4EA4-A633-B55FF6C1E33B}.Debug|Any CPU.Build.0 = Debug|Any CPU
		{5AA6D488-51F3-4EA4-A633-B55FF6C1E33B}.Release|Any CPU.ActiveCfg = Release|Any CPU
		{5AA6D488-51F3-4EA4-A633-B55FF6C1E33B}.Release|Any CPU.Build.0 = Release|Any CPU
		{AFC14756-DC81-4996-B86A-B48CF4572BDE}.Debug|Any CPU.ActiveCfg = Debug|Any CPU
		{AFC14756-DC81-4996-B86A-B48CF4572BDE}.Debug|Any CPU.Build.0 = Debug|Any CPU
		{AFC14756-DC81-4996-B86A-B48CF4572BDE}.Release|Any CPU.ActiveCfg = Release|Any CPU
		{AFC14756-DC81-4996-B86A-B48CF4572BDE}.Release|Any CPU.Build.0 = Release|Any CPU
		{C0FE5CF2-7C48-4BF6-AD70-E844321DE596}.Debug|Any CPU.ActiveCfg = Debug|Any CPU
		{C0FE5CF2-7C48-4BF6-AD70-E844321DE596}.Debug|Any CPU.Build.0 = Debug|Any CPU
		{C0FE5CF2-7C48-4BF6-AD70-E844321DE596}.Release|Any CPU.ActiveCfg = Release|Any CPU
		{C0FE5CF2-7C48-4BF6-AD70-E844321DE596}.Release|Any CPU.Build.0 = Release|Any CPU
		{66CA8B9C-5E67-4B32-9721-A23E65E7CFE2}.Debug|Any CPU.ActiveCfg = Debug|Any CPU
		{66CA8B9C-5E67-4B32-9721-A23E65E7CFE2}.Debug|Any CPU.Build.0 = Debug|Any CPU
		{66CA8B9C-5E67-4B32-9721-A23E65E7CFE2}.Release|Any CPU.ActiveCfg = Release|Any CPU
		{66CA8B9C-5E67-4B32-9721-A23E65E7CFE2}.Release|Any CPU.Build.0 = Release|Any CPU
		{4F3FA52F-ACF4-4865-8E27-2FB1CB315965}.Debug|Any CPU.ActiveCfg = Debug|Any CPU
		{4F3FA52F-ACF4-4865-8E27-2FB1CB315965}.Debug|Any CPU.Build.0 = Debug|Any CPU
		{4F3FA52F-ACF4-4865-8E27-2FB1CB315965}.Release|Any CPU.ActiveCfg = Release|Any CPU
		{4F3FA52F-ACF4-4865-8E27-2FB1CB315965}.Release|Any CPU.Build.0 = Release|Any CPU
		{84E16230-2436-4277-88FB-F3651A352319}.Debug|Any CPU.ActiveCfg = Debug|Any CPU
		{84E16230-2436-4277-88FB-F3651A352319}.Debug|Any CPU.Build.0 = Debug|Any CPU
		{84E16230-2436-4277-88FB-F3651A352319}.Release|Any CPU.ActiveCfg = Release|Any CPU
		{84E16230-2436-4277-88FB-F3651A352319}.Release|Any CPU.Build.0 = Release|Any CPU
		{2A664521-205F-4F77-BBD1-74BA6B97FBE6}.Debug|Any CPU.ActiveCfg = Debug|Any CPU
		{2A664521-205F-4F77-BBD1-74BA6B97FBE6}.Debug|Any CPU.Build.0 = Debug|Any CPU
		{2A664521-205F-4F77-BBD1-74BA6B97FBE6}.Release|Any CPU.ActiveCfg = Release|Any CPU
		{2A664521-205F-4F77-BBD1-74BA6B97FBE6}.Release|Any CPU.Build.0 = Release|Any CPU
	EndGlobalSection
	GlobalSection(SolutionProperties) = preSolution
		HideSolutionNode = FALSE
	EndGlobalSection
	GlobalSection(ExtensibilityGlobals) = postSolution
		SolutionGuid = {33FD9AD3-C93C-4377-A32B-085A72026D35}
	EndGlobalSection
EndGlobal
